
Microsoft Visual Studio Solution File, Format Version 12.00
# Visual Studio Version 17
VisualStudioVersion = 17.1.32210.238
MinimumVisualStudioVersion = 10.0.40219.1
Project("{FAE04EC0-301F-11D3-BF4B-00C04F79EFBC}") = "askfm", "askfm\askfm.csproj", "{AD54FAAE-AFE7-45F2-B77D-F84311519C3A}"
EndProject
Global
	GlobalSection(SolutionConfigurationPlatforms) = preSolution
		Debug|Any CPU = Debug|Any CPU
		Release|Any CPU = Release|Any CPU
	EndGlobalSection
	GlobalSection(ProjectConfigurationPlatforms) = postSolution
		{AD54FAAE-AFE7-45F2-B77D-F84311519C3A}.Debug|Any CPU.ActiveCfg = Debug|Any CPU
		{AD54FAAE-AFE7-45F2-B77D-F84311519C3A}.Debug|Any CPU.Build.0 = Debug|Any CPU
		{AD54FAAE-AFE7-45F2-B77D-F84311519C3A}.Release|Any CPU.ActiveCfg = Release|Any CPU
		{AD54FAAE-AFE7-45F2-B77D-F84311519C3A}.Release|Any CPU.Build.0 = Release|Any CPU
	EndGlobalSection
	GlobalSection(SolutionProperties) = preSolution
		HideSolutionNode = FALSE
	EndGlobalSection
	GlobalSection(ExtensibilityGlobals) = postSolution
		SolutionGuid = {EE93455A-5F4D-4B01-B6B5-9210630BBBD6}
	EndGlobalSection
EndGlobal
